<?xml version="1.0" encoding="utf-8"?>
<Project ToolsVersion="4.0" xmlns="http://schemas.microsoft.com/developer/msbuild/2003">
  <ItemGroup>
    <Filter Include="Source files">
      <UniqueIdentifier>{eb32e976-3359-47e0-908c-832885258bc7}</UniqueIdentifier>
      <Extensions>cpp;c;cc;cxx;def;odl;idl;hpj;bat;asm;asmx</Extensions>
    </Filter>
    <Filter Include="Header files">
      <UniqueIdentifier>{94fbbf0e-d434-4cce-bcb1-31a9bdf27750}</UniqueIdentifier>
      <Extensions>h;hpp;hxx;hm;inl;inc;xsd</Extensions>
    </Filter>
    <Filter Include="Resource files">
      <UniqueIdentifier>{fab3e147-60fd-4064-80a9-fa059f4a2781}</UniqueIdentifier>
      <Extensions>rc;ico;cur;bmp;dlg;rc2;rct;bin;rgs;gif;jpg;jpeg;jpe;resx;tiff;tif;png;wav</Extensions>
    </Filter>
    <Filter Include="VisualGDB settings">
      <UniqueIdentifier>{03a40a47-dbff-4401-a995-a68191c79350}</UniqueIdentifier>
      <Extensions>*.vgdbsettings</Extensions>
    </Filter>
    <Filter Include="Source files\Device-specific files">
      <UniqueIdentifier>{82495b2b-a255-4a7f-b895-1a7c82ffcd24}</UniqueIdentifier>
    </Filter>
    <Filter Include="Header files\Device-specific files">
      <UniqueIdentifier>{491d084d-3062-4500-8da2-f38a21762935}</UniqueIdentifier>
    </Filter>
  </ItemGroup>
  <ItemGroup>
    <ClCompile Include="system_stm32f1xx.c">
      <Filter>Source files</Filter>
    </ClCompile>
    <ClCompile Include="HD3CDriver.c">
      <Filter>Source files</Filter>
    </ClCompile>
    <ClCompile Include="HD3CGraphics.c">
      <Filter>Source files</Filter>
    </ClCompile>
    <ClCompile Include="HD3CRenderer.c">
      <Filter>Source files</Filter>
    </ClCompile>
    <ClCompile Include="HD3EffectWaterdrops.c">
      <Filter>Source files</Filter>
    </ClCompile>
    <ClCompile Include="Main.c">
      <Filter>Source files</Filter>
    </ClCompile>
    <ClCompile Include="$(BSP_ROOT)\STM32F1xxxx\StartupFiles\startup_stm32f103xb.c">
      <Filter>Source files\Device-specific files</Filter>
    </ClCompile>
  </ItemGroup>
  <ItemGroup>
    <None Include="HD3Cube-Debug.vgdbsettings">
      <Filter>VisualGDB settings</Filter>
    </None>
    <None Include="HD3Cube-Release.vgdbsettings">
      <Filter>VisualGDB settings</Filter>
    </None>
    <None Include="stm32.props">
      <Filter>Source files\Device-specific files</Filter>
    </None>
  </ItemGroup>
  <ItemGroup>
    <Xml Include="stm32.xml">
      <Filter>VisualGDB settings</Filter>
    </Xml>
  </ItemGroup>
  <ItemGroup>
    <ClInclude Include="system_stm32f1xx.h">
      <Filter>Header files</Filter>
    </ClInclude>
    <ClInclude Include="HD3CRenderer.h">
      <Filter>Header files</Filter>
    </ClInclude>
    <ClInclude Include="HD3CDriver.h">
      <Filter>Header files</Filter>
    </ClInclude>
    <ClInclude Include="HD3CGraphics.h">
      <Filter>Header files</Filter>
    </ClInclude>
    <ClInclude Include="HD3EffectWaterdrops.h">
      <Filter>Header files</Filter>
    </ClInclude>
    <ClInclude Include="SWO.h">
      <Filter>Header files</Filter>
    </ClInclude>
  </ItemGroup>
</Project>